
Microsoft Visual Studio Solution File, Format Version 12.00
# Visual Studio Version 17
VisualStudioVersion = 17.0.32126.317
MinimumVisualStudioVersion = 10.0.40219.1
Project("{8BC9CEB8-8B4A-11D0-8D11-00A0C91BC942}") = "Stl", "Stl\Stl.vcxproj", "{E9A721CF-5C5D-4008-A09E-2BC422893150}"
EndProject
Project("{8BC9CEB8-8B4A-11D0-8D11-00A0C91BC942}") = "AssociativeContainers", "AssociativeContainers\AssociativeContainers.vcxproj", "{DB18D360-C009-4481-B6DD-2F348BC18AAE}"
EndProject
Project("{8BC9CEB8-8B4A-11D0-8D11-00A0C91BC942}") = "Police", "Police\Police.vcxproj", "{B6582399-97D9-43DB-B52B-49A72F066269}"
EndProject
Global
	GlobalSection(SolutionConfigurationPlatforms) = preSolution
		Debug|x64 = Debug|x64
		Debug|x86 = Debug|x86
		Release|x64 = Release|x64
		Release|x86 = Release|x86
	EndGlobalSection
	GlobalSection(ProjectConfigurationPlatforms) = postSolution
		{E9A721CF-5C5D-4008-A09E-2BC422893150}.Debug|x64.ActiveCfg = Debug|x64
		{E9A721CF-5C5D-4008-A09E-2BC422893150}.Debug|x64.Build.0 = Debug|x64
		{E9A721CF-5C5D-4008-A09E-2BC422893150}.Debug|x86.ActiveCfg = Debug|Win32
		{E9A721CF-5C5D-4008-A09E-2BC422893150}.Debug|x86.Build.0 = Debug|Win32
		{E9A721CF-5C5D-4008-A09E-2BC422893150}.Release|x64.ActiveCfg = Release|x64
		{E9A721CF-5C5D-4008-A09E-2BC422893150}.Release|x64.Build.0 = Release|x64
		{E9A721CF-5C5D-4008-A09E-2BC422893150}.Release|x86.ActiveCfg = Release|Win32
		{E9A721CF-5C5D-4008-A09E-2BC422893150}.Release|x86.Build.0 = Release|Win32
		{DB18D360-C009-4481-B6DD-2F348BC18AAE}.Debug|x64.ActiveCfg = Debug|x64
		{DB18D360-C009-4481-B6DD-2F348BC18AAE}.Debug|x64.Build.0 = Debug|x64
		{DB18D360-C009-4481-B6DD-2F348BC18AAE}.Debug|x86.ActiveCfg = Debug|Win32
		{DB18D360-C009-4481-B6DD-2F348BC18AAE}.Debug|x86.Build.0 = Debug|Win32
		{DB18D360-C009-4481-B6DD-2F348BC18AAE}.Release|x64.ActiveCfg = Release|x64
		{DB18D360-C009-4481-B6DD-2F348BC18AAE}.Release|x64.Build.0 = Release|x64
		{DB18D360-C009-4481-B6DD-2F348BC18AAE}.Release|x86.ActiveCfg = Release|Win32
		{DB18D360-C009-4481-B6DD-2F348BC18AAE}.Release|x86.Build.0 = Release|Win32
		{B6582399-97D9-43DB-B52B-49A72F066269}.Debug|x64.ActiveCfg = Debug|x64
		{B6582399-97D9-43DB-B52B-49A72F066269}.Debug|x64.Build.0 = Debug|x64
		{B6582399-97D9-43DB-B52B-49A72F066269}.Debug|x86.ActiveCfg = Debug|Win32
		{B6582399-97D9-43DB-B52B-49A72F066269}.Debug|x86.Build.0 = Debug|Win32
		{B6582399-97D9-43DB-B52B-49A72F066269}.Release|x64.ActiveCfg = Release|x64
		{B6582399-97D9-43DB-B52B-49A72F066269}.Release|x64.Build.0 = Release|x64
		{B6582399-97D9-43DB-B52B-49A72F066269}.Release|x86.ActiveCfg = Release|Win32
		{B6582399-97D9-43DB-B52B-49A72F066269}.Release|x86.Build.0 = Release|Win32
	EndGlobalSection
	GlobalSection(SolutionProperties) = preSolution
		HideSolutionNode = FALSE
	EndGlobalSection
	GlobalSection(ExtensibilityGlobals) = postSolution
		SolutionGuid = {8DD922B1-2DDE-494D-A308-BC33E8954411}
	EndGlobalSection
EndGlobal
